
Microsoft Visual Studio Solution File, Format Version 12.00
# Visual Studio Version 16
VisualStudioVersion = 16.0.29230.47
MinimumVisualStudioVersion = 10.0.40219.1
Project("{FAE04EC0-301F-11D3-BF4B-00C04F79EFBC}") = "UI", "UI\UI.csproj", "{079C24A7-0FD9-4048-A46B-D44BAE4D7925}"
EndProject
Project("{2150E333-8FDC-42A3-9474-1A3956D46DE8}") = "SRV", "SRV", "{191902DE-6368-4696-BAB2-82E5CB7B622F}"
EndProject
Project("{2150E333-8FDC-42A3-9474-1A3956D46DE8}") = "BLL", "BLL", "{CA352648-5E5F-4638-A88F-3A7A96801BCD}"
EndProject
Project("{FAE04EC0-301F-11D3-BF4B-00C04F79EFBC}") = "ViewModel", "SRV\ViewModel\ViewModel.csproj", "{F6F65C7E-78B6-4683-A6EE-B7421D137ADD}"
EndProject
Project("{FAE04EC0-301F-11D3-BF4B-00C04F79EFBC}") = "ProdService", "SRV\ProdService\ProdService.csproj", "{D7F510AC-8427-4643-9F89-9CEAD3A40378}"
EndProject
Project("{FAE04EC0-301F-11D3-BF4B-00C04F79EFBC}") = "ServiceInterface", "SRV\ServiceInterface\ServiceInterface.csproj", "{FB9205C7-F100-442B-93D6-53F043899C0D}"
EndProject
Project("{FAE04EC0-301F-11D3-BF4B-00C04F79EFBC}") = "MockSerice", "SRV\MockSerice\MockSerice.csproj", "{C076FE0A-9F1D-499A-9A31-6C79CDAD9E34}"
EndProject
Global
	GlobalSection(SolutionConfigurationPlatforms) = preSolution
		Debug|Any CPU = Debug|Any CPU
		Release|Any CPU = Release|Any CPU
	EndGlobalSection
	GlobalSection(ProjectConfigurationPlatforms) = postSolution
		{079C24A7-0FD9-4048-A46B-D44BAE4D7925}.Debug|Any CPU.ActiveCfg = Debug|Any CPU
		{079C24A7-0FD9-4048-A46B-D44BAE4D7925}.Debug|Any CPU.Build.0 = Debug|Any CPU
		{079C24A7-0FD9-4048-A46B-D44BAE4D7925}.Release|Any CPU.ActiveCfg = Release|Any CPU
		{079C24A7-0FD9-4048-A46B-D44BAE4D7925}.Release|Any CPU.Build.0 = Release|Any CPU
		{F6F65C7E-78B6-4683-A6EE-B7421D137ADD}.Debug|Any CPU.ActiveCfg = Debug|Any CPU
		{F6F65C7E-78B6-4683-A6EE-B7421D137ADD}.Debug|Any CPU.Build.0 = Debug|Any CPU
		{F6F65C7E-78B6-4683-A6EE-B7421D137ADD}.Release|Any CPU.ActiveCfg = Release|Any CPU
		{F6F65C7E-78B6-4683-A6EE-B7421D137ADD}.Release|Any CPU.Build.0 = Release|Any CPU
		{D7F510AC-8427-4643-9F89-9CEAD3A40378}.Debug|Any CPU.ActiveCfg = Debug|Any CPU
		{D7F510AC-8427-4643-9F89-9CEAD3A40378}.Debug|Any CPU.Build.0 = Debug|Any CPU
		{D7F510AC-8427-4643-9F89-9CEAD3A40378}.Release|Any CPU.ActiveCfg = Release|Any CPU
		{D7F510AC-8427-4643-9F89-9CEAD3A40378}.Release|Any CPU.Build.0 = Release|Any CPU
		{FB9205C7-F100-442B-93D6-53F043899C0D}.Debug|Any CPU.ActiveCfg = Debug|Any CPU
		{FB9205C7-F100-442B-93D6-53F043899C0D}.Debug|Any CPU.Build.0 = Debug|Any CPU
		{FB9205C7-F100-442B-93D6-53F043899C0D}.Release|Any CPU.ActiveCfg = Release|Any CPU
		{FB9205C7-F100-442B-93D6-53F043899C0D}.Release|Any CPU.Build.0 = Release|Any CPU
		{C076FE0A-9F1D-499A-9A31-6C79CDAD9E34}.Debug|Any CPU.ActiveCfg = Debug|Any CPU
		{C076FE0A-9F1D-499A-9A31-6C79CDAD9E34}.Debug|Any CPU.Build.0 = Debug|Any CPU
		{C076FE0A-9F1D-499A-9A31-6C79CDAD9E34}.Release|Any CPU.ActiveCfg = Release|Any CPU
		{C076FE0A-9F1D-499A-9A31-6C79CDAD9E34}.Release|Any CPU.Build.0 = Release|Any CPU
	EndGlobalSection
	GlobalSection(SolutionProperties) = preSolution
		HideSolutionNode = FALSE
	EndGlobalSection
	GlobalSection(NestedProjects) = preSolution
		{F6F65C7E-78B6-4683-A6EE-B7421D137ADD} = {191902DE-6368-4696-BAB2-82E5CB7B622F}
		{D7F510AC-8427-4643-9F89-9CEAD3A40378} = {191902DE-6368-4696-BAB2-82E5CB7B622F}
		{FB9205C7-F100-442B-93D6-53F043899C0D} = {191902DE-6368-4696-BAB2-82E5CB7B622F}
		{C076FE0A-9F1D-499A-9A31-6C79CDAD9E34} = {191902DE-6368-4696-BAB2-82E5CB7B622F}
	EndGlobalSection
	GlobalSection(ExtensibilityGlobals) = postSolution
		SolutionGuid = {4A2F9705-DE09-4E3A-AE8F-2229775FB51D}
	EndGlobalSection
EndGlobal
